
Microsoft Visual Studio Solution File, Format Version 12.00
# Visual Studio Version 17
VisualStudioVersion = 17.0.31903.59
MinimumVisualStudioVersion = 10.0.40219.1
Project("{FAE04EC0-301F-11D3-BF4B-00C04F79EFBC}") = "BlazorFrontEnd", "BlazorFrontEnd\BlazorFrontEnd.csproj", "{CC58E2D3-C8FC-4B28-90AD-4E0FECCC919A}"
EndProject
Project("{FAE04EC0-301F-11D3-BF4B-00C04F79EFBC}") = "MinimalAPIBackEnd", "MinimalAPIBackEnd\MinimalAPIBackEnd.csproj", "{DF53376D-193A-4CB8-A5A1-FD8C0E64FBB1}"
EndProject
Project("{FAE04EC0-301F-11D3-BF4B-00C04F79EFBC}") = "Shared", "Shared\Shared.csproj", "{BAFE50E9-F927-470B-82FF-C666CE04853B}"
EndProject
Global
	GlobalSection(SolutionConfigurationPlatforms) = preSolution
		Debug|Any CPU = Debug|Any CPU
		Release|Any CPU = Release|Any CPU
	EndGlobalSection
	GlobalSection(SolutionProperties) = preSolution
		HideSolutionNode = FALSE
	EndGlobalSection
	GlobalSection(ProjectConfigurationPlatforms) = postSolution
		{CC58E2D3-C8FC-4B28-90AD-4E0FECCC919A}.Debug|Any CPU.ActiveCfg = Debug|Any CPU
		{CC58E2D3-C8FC-4B28-90AD-4E0FECCC919A}.Debug|Any CPU.Build.0 = Debug|Any CPU
		{CC58E2D3-C8FC-4B28-90AD-4E0FECCC919A}.Release|Any CPU.ActiveCfg = Release|Any CPU
		{CC58E2D3-C8FC-4B28-90AD-4E0FECCC919A}.Release|Any CPU.Build.0 = Release|Any CPU
		{DF53376D-193A-4CB8-A5A1-FD8C0E64FBB1}.Debug|Any CPU.ActiveCfg = Debug|Any CPU
		{DF53376D-193A-4CB8-A5A1-FD8C0E64FBB1}.Debug|Any CPU.Build.0 = Debug|Any CPU
		{DF53376D-193A-4CB8-A5A1-FD8C0E64FBB1}.Release|Any CPU.ActiveCfg = Release|Any CPU
		{DF53376D-193A-4CB8-A5A1-FD8C0E64FBB1}.Release|Any CPU.Build.0 = Release|Any CPU
		{BAFE50E9-F927-470B-82FF-C666CE04853B}.Debug|Any CPU.ActiveCfg = Debug|Any CPU
		{BAFE50E9-F927-470B-82FF-C666CE04853B}.Debug|Any CPU.Build.0 = Debug|Any CPU
		{BAFE50E9-F927-470B-82FF-C666CE04853B}.Release|Any CPU.ActiveCfg = Release|Any CPU
		{BAFE50E9-F927-470B-82FF-C666CE04853B}.Release|Any CPU.Build.0 = Release|Any CPU
	EndGlobalSection
EndGlobal
